
Microsoft Visual Studio Solution File, Format Version 12.00
Project("{2150E333-8FDC-42A3-9474-1A3956D46DE8}") = "Together", "Together", "{86213244-CBF5-4891-B05C-744FECBDB660}"
EndProject
Project("{FAE04EC0-301F-11D3-BF4B-00C04F79EFBC}") = "OneDomain", "OneDomain\OneDomain.csproj", "{FFA1853F-E8C1-4435-BDE4-1555B7AFA274}"
EndProject
Project("{2150E333-8FDC-42A3-9474-1A3956D46DE8}") = "Separate", "Separate", "{6E9F5E3E-EEB8-4EE1-AFDB-53E6280F833C}"
EndProject
Project("{FAE04EC0-301F-11D3-BF4B-00C04F79EFBC}") = "WebApi", "WebApi\WebApi.csproj", "{5470FBEE-BF1A-49BF-BFDB-2EC2E63B84B4}"
EndProject
Project("{2150E333-8FDC-42A3-9474-1A3956D46DE8}") = "Templated", "Templated", "{A8AC3BCE-0E2B-4F97-9C3F-085E6E469FAE}"
EndProject
Project("{2150E333-8FDC-42A3-9474-1A3956D46DE8}") = "Custom", "Custom", "{C17F616B-DA4F-4916-9272-7AE12AF6BF07}"
EndProject
Project("{FAE04EC0-301F-11D3-BF4B-00C04F79EFBC}") = "ApiDomain", "ApiDomain\ApiDomain.csproj", "{C8463667-2F69-4C29-98E8-0C785E501B1A}"
EndProject
Project("{2150E333-8FDC-42A3-9474-1A3956D46DE8}") = "SsrFramework", "SsrFramework", "{F457F204-B21F-458E-B7C6-F229F60DEBFA}"
EndProject
Project("{FAE04EC0-301F-11D3-BF4B-00C04F79EFBC}") = "WebApiSsr", "WebApiSsr\WebApiSsr.csproj", "{17836857-4BFB-4440-9BDE-99917B7D0387}"
EndProject
Project("{2150E333-8FDC-42A3-9474-1A3956D46DE8}") = "SpaSetups", "SpaSetups", "{BD059839-8441-4A27-BC37-8885D3D39F1A}"
EndProject
Project("{2150E333-8FDC-42A3-9474-1A3956D46DE8}") = "AuthMinApi", "AuthMinApi", "{071ADA4F-03B9-419D-9012-0CBDC95EDDB9}"
EndProject
Project("{FAE04EC0-301F-11D3-BF4B-00C04F79EFBC}") = "IdentityManagement", "AuthMinApi\IdentityManagement\IdentityManagement.csproj", "{93AE56AB-29C6-4539-95B9-EC1D332237BD}"
EndProject
Project("{FAE04EC0-301F-11D3-BF4B-00C04F79EFBC}") = "AuthSchemas", "AuthMinApi\AuthSchemas\AuthSchemas.csproj", "{7DAEB61B-CD06-4909-9167-78D1442990CC}"
EndProject
Project("{FAE04EC0-301F-11D3-BF4B-00C04F79EFBC}") = "AuthDefault", "AuthMinApi\AuthDefault\AuthDefault.csproj", "{E3D22E1C-70C7-4E26-9491-66DA00803965}"
EndProject
Global
	GlobalSection(SolutionConfigurationPlatforms) = preSolution
		Debug|Any CPU = Debug|Any CPU
		Release|Any CPU = Release|Any CPU
	EndGlobalSection
	GlobalSection(NestedProjects) = preSolution
		{5470FBEE-BF1A-49BF-BFDB-2EC2E63B84B4} = {6E9F5E3E-EEB8-4EE1-AFDB-53E6280F833C}
		{A8AC3BCE-0E2B-4F97-9C3F-085E6E469FAE} = {86213244-CBF5-4891-B05C-744FECBDB660}
		{FFA1853F-E8C1-4435-BDE4-1555B7AFA274} = {A8AC3BCE-0E2B-4F97-9C3F-085E6E469FAE}
		{C17F616B-DA4F-4916-9272-7AE12AF6BF07} = {86213244-CBF5-4891-B05C-744FECBDB660}
		{C8463667-2F69-4C29-98E8-0C785E501B1A} = {C17F616B-DA4F-4916-9272-7AE12AF6BF07}
		{17836857-4BFB-4440-9BDE-99917B7D0387} = {F457F204-B21F-458E-B7C6-F229F60DEBFA}
		{F457F204-B21F-458E-B7C6-F229F60DEBFA} = {BD059839-8441-4A27-BC37-8885D3D39F1A}
		{86213244-CBF5-4891-B05C-744FECBDB660} = {BD059839-8441-4A27-BC37-8885D3D39F1A}
		{6E9F5E3E-EEB8-4EE1-AFDB-53E6280F833C} = {BD059839-8441-4A27-BC37-8885D3D39F1A}
		{93AE56AB-29C6-4539-95B9-EC1D332237BD} = {071ADA4F-03B9-419D-9012-0CBDC95EDDB9}
		{7DAEB61B-CD06-4909-9167-78D1442990CC} = {071ADA4F-03B9-419D-9012-0CBDC95EDDB9}
		{E3D22E1C-70C7-4E26-9491-66DA00803965} = {071ADA4F-03B9-419D-9012-0CBDC95EDDB9}
	EndGlobalSection
	GlobalSection(ProjectConfigurationPlatforms) = postSolution
		{FFA1853F-E8C1-4435-BDE4-1555B7AFA274}.Debug|Any CPU.ActiveCfg = Debug|Any CPU
		{FFA1853F-E8C1-4435-BDE4-1555B7AFA274}.Debug|Any CPU.Build.0 = Debug|Any CPU
		{FFA1853F-E8C1-4435-BDE4-1555B7AFA274}.Release|Any CPU.ActiveCfg = Release|Any CPU
		{FFA1853F-E8C1-4435-BDE4-1555B7AFA274}.Release|Any CPU.Build.0 = Release|Any CPU
		{5470FBEE-BF1A-49BF-BFDB-2EC2E63B84B4}.Debug|Any CPU.ActiveCfg = Debug|Any CPU
		{5470FBEE-BF1A-49BF-BFDB-2EC2E63B84B4}.Debug|Any CPU.Build.0 = Debug|Any CPU
		{5470FBEE-BF1A-49BF-BFDB-2EC2E63B84B4}.Release|Any CPU.ActiveCfg = Release|Any CPU
		{5470FBEE-BF1A-49BF-BFDB-2EC2E63B84B4}.Release|Any CPU.Build.0 = Release|Any CPU
		{C8463667-2F69-4C29-98E8-0C785E501B1A}.Debug|Any CPU.ActiveCfg = Debug|Any CPU
		{C8463667-2F69-4C29-98E8-0C785E501B1A}.Debug|Any CPU.Build.0 = Debug|Any CPU
		{C8463667-2F69-4C29-98E8-0C785E501B1A}.Release|Any CPU.ActiveCfg = Release|Any CPU
		{C8463667-2F69-4C29-98E8-0C785E501B1A}.Release|Any CPU.Build.0 = Release|Any CPU
		{17836857-4BFB-4440-9BDE-99917B7D0387}.Debug|Any CPU.ActiveCfg = Debug|Any CPU
		{17836857-4BFB-4440-9BDE-99917B7D0387}.Debug|Any CPU.Build.0 = Debug|Any CPU
		{17836857-4BFB-4440-9BDE-99917B7D0387}.Release|Any CPU.ActiveCfg = Release|Any CPU
		{17836857-4BFB-4440-9BDE-99917B7D0387}.Release|Any CPU.Build.0 = Release|Any CPU
		{93AE56AB-29C6-4539-95B9-EC1D332237BD}.Debug|Any CPU.ActiveCfg = Debug|Any CPU
		{93AE56AB-29C6-4539-95B9-EC1D332237BD}.Debug|Any CPU.Build.0 = Debug|Any CPU
		{93AE56AB-29C6-4539-95B9-EC1D332237BD}.Release|Any CPU.ActiveCfg = Release|Any CPU
		{93AE56AB-29C6-4539-95B9-EC1D332237BD}.Release|Any CPU.Build.0 = Release|Any CPU
		{7DAEB61B-CD06-4909-9167-78D1442990CC}.Debug|Any CPU.ActiveCfg = Debug|Any CPU
		{7DAEB61B-CD06-4909-9167-78D1442990CC}.Debug|Any CPU.Build.0 = Debug|Any CPU
		{7DAEB61B-CD06-4909-9167-78D1442990CC}.Release|Any CPU.ActiveCfg = Release|Any CPU
		{7DAEB61B-CD06-4909-9167-78D1442990CC}.Release|Any CPU.Build.0 = Release|Any CPU
		{E3D22E1C-70C7-4E26-9491-66DA00803965}.Debug|Any CPU.ActiveCfg = Debug|Any CPU
		{E3D22E1C-70C7-4E26-9491-66DA00803965}.Debug|Any CPU.Build.0 = Debug|Any CPU
		{E3D22E1C-70C7-4E26-9491-66DA00803965}.Release|Any CPU.ActiveCfg = Release|Any CPU
		{E3D22E1C-70C7-4E26-9491-66DA00803965}.Release|Any CPU.Build.0 = Release|Any CPU
	EndGlobalSection
EndGlobal
