
Microsoft Visual Studio Solution File, Format Version 12.00
Project("{2150E333-8FDC-42A3-9474-1A3956D46DE8}") = "Together", "Together", "{86213244-CBF5-4891-B05C-744FECBDB660}"
EndProject
Project("{FAE04EC0-301F-11D3-BF4B-00C04F79EFBC}") = "OneDomain", "OneDomain\OneDomain.csproj", "{FFA1853F-E8C1-4435-BDE4-1555B7AFA274}"
EndProject
Project("{2150E333-8FDC-42A3-9474-1A3956D46DE8}") = "Separate", "Separate", "{6E9F5E3E-EEB8-4EE1-AFDB-53E6280F833C}"
EndProject
Project("{FAE04EC0-301F-11D3-BF4B-00C04F79EFBC}") = "WebApi", "WebApi\WebApi.csproj", "{5470FBEE-BF1A-49BF-BFDB-2EC2E63B84B4}"
EndProject
Project("{2150E333-8FDC-42A3-9474-1A3956D46DE8}") = "Templated", "Templated", "{A8AC3BCE-0E2B-4F97-9C3F-085E6E469FAE}"
EndProject
Project("{2150E333-8FDC-42A3-9474-1A3956D46DE8}") = "Custom", "Custom", "{C17F616B-DA4F-4916-9272-7AE12AF6BF07}"
EndProject
Project("{FAE04EC0-301F-11D3-BF4B-00C04F79EFBC}") = "ApiDomain", "ApiDomain\ApiDomain.csproj", "{C8463667-2F69-4C29-98E8-0C785E501B1A}"
EndProject
Project("{2150E333-8FDC-42A3-9474-1A3956D46DE8}") = "SsrFramework", "SsrFramework", "{F457F204-B21F-458E-B7C6-F229F60DEBFA}"
EndProject
Project("{FAE04EC0-301F-11D3-BF4B-00C04F79EFBC}") = "WebApiSsr", "WebApiSsr\WebApiSsr.csproj", "{17836857-4BFB-4440-9BDE-99917B7D0387}"
EndProject
Global
	GlobalSection(SolutionConfigurationPlatforms) = preSolution
		Debug|Any CPU = Debug|Any CPU
		Release|Any CPU = Release|Any CPU
	EndGlobalSection
	GlobalSection(NestedProjects) = preSolution
		{5470FBEE-BF1A-49BF-BFDB-2EC2E63B84B4} = {6E9F5E3E-EEB8-4EE1-AFDB-53E6280F833C}
		{A8AC3BCE-0E2B-4F97-9C3F-085E6E469FAE} = {86213244-CBF5-4891-B05C-744FECBDB660}
		{FFA1853F-E8C1-4435-BDE4-1555B7AFA274} = {A8AC3BCE-0E2B-4F97-9C3F-085E6E469FAE}
		{C17F616B-DA4F-4916-9272-7AE12AF6BF07} = {86213244-CBF5-4891-B05C-744FECBDB660}
		{C8463667-2F69-4C29-98E8-0C785E501B1A} = {C17F616B-DA4F-4916-9272-7AE12AF6BF07}
		{17836857-4BFB-4440-9BDE-99917B7D0387} = {F457F204-B21F-458E-B7C6-F229F60DEBFA}
	EndGlobalSection
	GlobalSection(ProjectConfigurationPlatforms) = postSolution
		{FFA1853F-E8C1-4435-BDE4-1555B7AFA274}.Debug|Any CPU.ActiveCfg = Debug|Any CPU
		{FFA1853F-E8C1-4435-BDE4-1555B7AFA274}.Debug|Any CPU.Build.0 = Debug|Any CPU
		{FFA1853F-E8C1-4435-BDE4-1555B7AFA274}.Release|Any CPU.ActiveCfg = Release|Any CPU
		{FFA1853F-E8C1-4435-BDE4-1555B7AFA274}.Release|Any CPU.Build.0 = Release|Any CPU
		{5470FBEE-BF1A-49BF-BFDB-2EC2E63B84B4}.Debug|Any CPU.ActiveCfg = Debug|Any CPU
		{5470FBEE-BF1A-49BF-BFDB-2EC2E63B84B4}.Debug|Any CPU.Build.0 = Debug|Any CPU
		{5470FBEE-BF1A-49BF-BFDB-2EC2E63B84B4}.Release|Any CPU.ActiveCfg = Release|Any CPU
		{5470FBEE-BF1A-49BF-BFDB-2EC2E63B84B4}.Release|Any CPU.Build.0 = Release|Any CPU
		{C8463667-2F69-4C29-98E8-0C785E501B1A}.Debug|Any CPU.ActiveCfg = Debug|Any CPU
		{C8463667-2F69-4C29-98E8-0C785E501B1A}.Debug|Any CPU.Build.0 = Debug|Any CPU
		{C8463667-2F69-4C29-98E8-0C785E501B1A}.Release|Any CPU.ActiveCfg = Release|Any CPU
		{C8463667-2F69-4C29-98E8-0C785E501B1A}.Release|Any CPU.Build.0 = Release|Any CPU
		{17836857-4BFB-4440-9BDE-99917B7D0387}.Debug|Any CPU.ActiveCfg = Debug|Any CPU
		{17836857-4BFB-4440-9BDE-99917B7D0387}.Debug|Any CPU.Build.0 = Debug|Any CPU
		{17836857-4BFB-4440-9BDE-99917B7D0387}.Release|Any CPU.ActiveCfg = Release|Any CPU
		{17836857-4BFB-4440-9BDE-99917B7D0387}.Release|Any CPU.Build.0 = Release|Any CPU
	EndGlobalSection
EndGlobal
